
Microsoft Visual Studio Solution File, Format Version 12.00
# Visual Studio Version 16
VisualStudioVersion = 16.0.32510.428
MinimumVisualStudioVersion = 10.0.40219.1
Project("{FAE04EC0-301F-11D3-BF4B-00C04F79EFBC}") = "WindowsFormsApp1", "WindowsFormsApp1.csproj", "{1EBDEDC1-75B4-417E-BA9A-F9D426EB34C2}"
EndProject
Global
	GlobalSection(SolutionConfigurationPlatforms) = preSolution
		Debug|Any CPU = Debug|Any CPU
		Release|Any CPU = Release|Any CPU
	EndGlobalSection
	GlobalSection(ProjectConfigurationPlatforms) = postSolution
		{1EBDEDC1-75B4-417E-BA9A-F9D426EB34C2}.Debug|Any CPU.ActiveCfg = Debug|Any CPU
		{1EBDEDC1-75B4-417E-BA9A-F9D426EB34C2}.Debug|Any CPU.Build.0 = Debug|Any CPU
		{1EBDEDC1-75B4-417E-BA9A-F9D426EB34C2}.Release|Any CPU.ActiveCfg = Release|Any CPU
		{1EBDEDC1-75B4-417E-BA9A-F9D426EB34C2}.Release|Any CPU.Build.0 = Release|Any CPU
	EndGlobalSection
	GlobalSection(SolutionProperties) = preSolution
		HideSolutionNode = FALSE
	EndGlobalSection
	GlobalSection(ExtensibilityGlobals) = postSolution
		SolutionGuid = {149797C7-B101-4C60-818C-F3683830D0BB}
	EndGlobalSection
EndGlobal
